
Microsoft Visual Studio Solution File, Format Version 12.00
# Visual Studio Version 17
VisualStudioVersion = 17.11.35303.130
MinimumVisualStudioVersion = 10.0.40219.1
Project("{9A19103F-16F7-4668-BE54-9A1E7A4F7556}") = "SysAPI", "SysAPI\SysAPI.csproj", "{AE4116E8-6C5C-42F9-A29A-5EBEA32D960C}"
EndProject
Project("{9A19103F-16F7-4668-BE54-9A1E7A4F7556}") = "ValutaClient", "ValutaClient\ValutaClient.csproj", "{7D6C73F5-7DBE-4487-9A44-7029F6BE5478}"
	ProjectSection(ProjectDependencies) = postProject
		{6FEDDB1A-50AF-4D20-A5CF-92AEFCCFBFDF} = {6FEDDB1A-50AF-4D20-A5CF-92AEFCCFBFDF}
	EndProjectSection
EndProject
Project("{E53339B2-1760-4266-BCC7-CA923CBCF16C}") = "docker-compose", "docker-compose.dcproj", "{17AF483E-91B5-4C7A-BD47-6DEA04BA0201}"
EndProject
Project("{9A19103F-16F7-4668-BE54-9A1E7A4F7556}") = "MessageClient", "MessageClient\MessageClient.csproj", "{92DCF8AD-D0F5-43A4-B9B1-8E61E23E25BD}"
EndProject
Project("{9A19103F-16F7-4668-BE54-9A1E7A4F7556}") = "Helpers", "Helpers\Helpers.csproj", "{6FEDDB1A-50AF-4D20-A5CF-92AEFCCFBFDF}"
EndProject
Project("{FAE04EC0-301F-11D3-BF4B-00C04F79EFBC}") = "Repository", "Repository\Repository.csproj", "{2F58EBDD-ACA7-49C6-9027-1516561D4D05}"
EndProject
Global
	GlobalSection(SolutionConfigurationPlatforms) = preSolution
		Debug|Any CPU = Debug|Any CPU
		Release|Any CPU = Release|Any CPU
	EndGlobalSection
	GlobalSection(ProjectConfigurationPlatforms) = postSolution
		{AE4116E8-6C5C-42F9-A29A-5EBEA32D960C}.Debug|Any CPU.ActiveCfg = Debug|Any CPU
		{AE4116E8-6C5C-42F9-A29A-5EBEA32D960C}.Debug|Any CPU.Build.0 = Debug|Any CPU
		{AE4116E8-6C5C-42F9-A29A-5EBEA32D960C}.Release|Any CPU.ActiveCfg = Release|Any CPU
		{AE4116E8-6C5C-42F9-A29A-5EBEA32D960C}.Release|Any CPU.Build.0 = Release|Any CPU
		{7D6C73F5-7DBE-4487-9A44-7029F6BE5478}.Debug|Any CPU.ActiveCfg = Debug|Any CPU
		{7D6C73F5-7DBE-4487-9A44-7029F6BE5478}.Debug|Any CPU.Build.0 = Debug|Any CPU
		{7D6C73F5-7DBE-4487-9A44-7029F6BE5478}.Release|Any CPU.ActiveCfg = Release|Any CPU
		{7D6C73F5-7DBE-4487-9A44-7029F6BE5478}.Release|Any CPU.Build.0 = Release|Any CPU
		{17AF483E-91B5-4C7A-BD47-6DEA04BA0201}.Debug|Any CPU.ActiveCfg = Debug|Any CPU
		{17AF483E-91B5-4C7A-BD47-6DEA04BA0201}.Debug|Any CPU.Build.0 = Debug|Any CPU
		{17AF483E-91B5-4C7A-BD47-6DEA04BA0201}.Release|Any CPU.ActiveCfg = Release|Any CPU
		{17AF483E-91B5-4C7A-BD47-6DEA04BA0201}.Release|Any CPU.Build.0 = Release|Any CPU
		{92DCF8AD-D0F5-43A4-B9B1-8E61E23E25BD}.Debug|Any CPU.ActiveCfg = Debug|Any CPU
		{92DCF8AD-D0F5-43A4-B9B1-8E61E23E25BD}.Debug|Any CPU.Build.0 = Debug|Any CPU
		{92DCF8AD-D0F5-43A4-B9B1-8E61E23E25BD}.Release|Any CPU.ActiveCfg = Release|Any CPU
		{92DCF8AD-D0F5-43A4-B9B1-8E61E23E25BD}.Release|Any CPU.Build.0 = Release|Any CPU
		{6FEDDB1A-50AF-4D20-A5CF-92AEFCCFBFDF}.Debug|Any CPU.ActiveCfg = Debug|Any CPU
		{6FEDDB1A-50AF-4D20-A5CF-92AEFCCFBFDF}.Debug|Any CPU.Build.0 = Debug|Any CPU
		{6FEDDB1A-50AF-4D20-A5CF-92AEFCCFBFDF}.Release|Any CPU.ActiveCfg = Release|Any CPU
		{6FEDDB1A-50AF-4D20-A5CF-92AEFCCFBFDF}.Release|Any CPU.Build.0 = Release|Any CPU
		{2F58EBDD-ACA7-49C6-9027-1516561D4D05}.Debug|Any CPU.ActiveCfg = Debug|Any CPU
		{2F58EBDD-ACA7-49C6-9027-1516561D4D05}.Debug|Any CPU.Build.0 = Debug|Any CPU
		{2F58EBDD-ACA7-49C6-9027-1516561D4D05}.Release|Any CPU.ActiveCfg = Release|Any CPU
		{2F58EBDD-ACA7-49C6-9027-1516561D4D05}.Release|Any CPU.Build.0 = Release|Any CPU
	EndGlobalSection
	GlobalSection(SolutionProperties) = preSolution
		HideSolutionNode = FALSE
	EndGlobalSection
	GlobalSection(ExtensibilityGlobals) = postSolution
		SolutionGuid = {BFF74B8A-5DFA-43F8-81E3-3FFEC5A613E9}
	EndGlobalSection
EndGlobal
